// !$*UTF8*$!
{
	archiveVersion = 1;
	classes = {
	};
	objectVersion = 55;
	objects = {

/* Begin PBXBuildFile section */
		3B738298DDAD55C3E8622E65 /* Pods_Sports_App.framework in Frameworks */ = {isa = PBXBuildFile; fileRef = 5E0C2E70CA75912F98C553F9 /* Pods_Sports_App.framework */; };
		A826077227CD3FCA00284BB8 /* UpComingTableViewCell.swift in Sources */ = {isa = PBXBuildFile; fileRef = A826077027CD3FCA00284BB8 /* UpComingTableViewCell.swift */; };
		A826077527CD418B00284BB8 /* Events.swift in Sources */ = {isa = PBXBuildFile; fileRef = A826077427CD418B00284BB8 /* Events.swift */; };
		A826077827CD47C200284BB8 /* UpcomingCollectionCell.swift in Sources */ = {isa = PBXBuildFile; fileRef = A826077627CD47C200284BB8 /* UpcomingCollectionCell.swift */; };
		A826077F27CD815900284BB8 /* LatestTableCell.swift in Sources */ = {isa = PBXBuildFile; fileRef = A826077D27CD815800284BB8 /* LatestTableCell.swift */; };
		A826078327CD9AE500284BB8 /* TeamModel.swift in Sources */ = {isa = PBXBuildFile; fileRef = A826078227CD9AE500284BB8 /* TeamModel.swift */; };
		A846341B27C4104E00832C16 /* AppDelegate.swift in Sources */ = {isa = PBXBuildFile; fileRef = A846341A27C4104E00832C16 /* AppDelegate.swift */; };
		A846341D27C4104E00832C16 /* SceneDelegate.swift in Sources */ = {isa = PBXBuildFile; fileRef = A846341C27C4104E00832C16 /* SceneDelegate.swift */; };
		A846342227C4104E00832C16 /* Main.storyboard in Resources */ = {isa = PBXBuildFile; fileRef = A846342027C4104E00832C16 /* Main.storyboard */; };
		A846342527C4104E00832C16 /* Sports_App.xcdatamodeld in Sources */ = {isa = PBXBuildFile; fileRef = A846342327C4104E00832C16 /* Sports_App.xcdatamodeld */; };
		A846342727C4105000832C16 /* Assets.xcassets in Resources */ = {isa = PBXBuildFile; fileRef = A846342627C4105000832C16 /* Assets.xcassets */; };
		A846342A27C4105000832C16 /* LaunchScreen.storyboard in Resources */ = {isa = PBXBuildFile; fileRef = A846342827C4105000832C16 /* LaunchScreen.storyboard */; };
		A846344627C5658400832C16 /* SportsCollectionViewController.swift in Sources */ = {isa = PBXBuildFile; fileRef = A846344527C5658400832C16 /* SportsCollectionViewController.swift */; };
		A846344C27C5A00600832C16 /* SportsApi.swift in Sources */ = {isa = PBXBuildFile; fileRef = A846344B27C5A00600832C16 /* SportsApi.swift */; };
		A846345227C6B21E00832C16 /* SportsCollectionViewCell.swift in Sources */ = {isa = PBXBuildFile; fileRef = A846345127C6B21E00832C16 /* SportsCollectionViewCell.swift */; };
		A846345827C6E4A600832C16 /* TabViewController.swift in Sources */ = {isa = PBXBuildFile; fileRef = A846345727C6E4A600832C16 /* TabViewController.swift */; };
		A846345E27C700FF00832C16 /* LeaguesVc.swift in Sources */ = {isa = PBXBuildFile; fileRef = A846345D27C700FF00832C16 /* LeaguesVc.swift */; };
		A8695E5927CE32D500665299 /* TeamsTableCell.swift in Sources */ = {isa = PBXBuildFile; fileRef = A8695E5727CE32D500665299 /* TeamsTableCell.swift */; };
		A8695E5A27CE32D500665299 /* TeamsTableCell.xib in Resources */ = {isa = PBXBuildFile; fileRef = A8695E5827CE32D500665299 /* TeamsTableCell.xib */; };
		A8695E5E27CE351A00665299 /* TeamsCollectionCell.swift in Sources */ = {isa = PBXBuildFile; fileRef = A8695E5C27CE351A00665299 /* TeamsCollectionCell.swift */; };
		A8695E5F27CE351A00665299 /* TeamsCollectionCell.xib in Resources */ = {isa = PBXBuildFile; fileRef = A8695E5D27CE351A00665299 /* TeamsCollectionCell.xib */; };
		A8695E6127CE6E6300665299 /* UpComingTableViewCell.xib in Resources */ = {isa = PBXBuildFile; fileRef = A826077127CD3FCA00284BB8 /* UpComingTableViewCell.xib */; };
		A8695E6227CE6E6300665299 /* UpcomingCollectionCell.xib in Resources */ = {isa = PBXBuildFile; fileRef = A826077727CD47C200284BB8 /* UpcomingCollectionCell.xib */; };
		A8695E6327CE6E6E00665299 /* LatestTableCell.xib in Resources */ = {isa = PBXBuildFile; fileRef = A826077E27CD815900284BB8 /* LatestTableCell.xib */; };
		A8695E6527CE7EDE00665299 /* TeamDetails.swift in Sources */ = {isa = PBXBuildFile; fileRef = A8695E6427CE7EDE00665299 /* TeamDetails.swift */; };
		A8695E6727CEDABF00665299 /* TeamProtocol.swift in Sources */ = {isa = PBXBuildFile; fileRef = A8695E6627CEDABF00665299 /* TeamProtocol.swift */; };
		A886368227C7113D0082D56F /* LeagueTableViewCell.swift in Sources */ = {isa = PBXBuildFile; fileRef = A886368127C7113D0082D56F /* LeagueTableViewCell.swift */; };
		A88684D527CC2CD10068EACB /* EventsApi.swift in Sources */ = {isa = PBXBuildFile; fileRef = A88684D427CC2CD10068EACB /* EventsApi.swift */; };
		A8F818E027C7F74C00545DFD /* LeaguesApi.swift in Sources */ = {isa = PBXBuildFile; fileRef = A8F818DF27C7F74C00545DFD /* LeaguesApi.swift */; };
/* End PBXBuildFile section */

/* Begin PBXFileReference section */
		5E0C2E70CA75912F98C553F9 /* Pods_Sports_App.framework */ = {isa = PBXFileReference; explicitFileType = wrapper.framework; includeInIndex = 0; path = Pods_Sports_App.framework; sourceTree = BUILT_PRODUCTS_DIR; };
		7473F3621B6276427BA2554E /* Pods-Sports App.release.xcconfig */ = {isa = PBXFileReference; includeInIndex = 1; lastKnownFileType = text.xcconfig; name = "Pods-Sports App.release.xcconfig"; path = "Target Support Files/Pods-Sports App/Pods-Sports App.release.xcconfig"; sourceTree = "<group>"; };
		A826077027CD3FCA00284BB8 /* UpComingTableViewCell.swift */ = {isa = PBXFileReference; lastKnownFileType = sourcecode.swift; path = UpComingTableViewCell.swift; sourceTree = "<group>"; };
		A826077127CD3FCA00284BB8 /* UpComingTableViewCell.xib */ = {isa = PBXFileReference; lastKnownFileType = file.xib; path = UpComingTableViewCell.xib; sourceTree = "<group>"; };
		A826077427CD418B00284BB8 /* Events.swift */ = {isa = PBXFileReference; lastKnownFileType = sourcecode.swift; path = Events.swift; sourceTree = "<group>"; };
		A826077627CD47C200284BB8 /* UpcomingCollectionCell.swift */ = {isa = PBXFileReference; lastKnownFileType = sourcecode.swift; path = UpcomingCollectionCell.swift; sourceTree = "<group>"; };
		A826077727CD47C200284BB8 /* UpcomingCollectionCell.xib */ = {isa = PBXFileReference; lastKnownFileType = file.xib; path = UpcomingCollectionCell.xib; sourceTree = "<group>"; };
		A826077D27CD815800284BB8 /* LatestTableCell.swift */ = {isa = PBXFileReference; lastKnownFileType = sourcecode.swift; path = LatestTableCell.swift; sourceTree = "<group>"; };
		A826077E27CD815900284BB8 /* LatestTableCell.xib */ = {isa = PBXFileReference; lastKnownFileType = file.xib; path = LatestTableCell.xib; sourceTree = "<group>"; };
		A826078227CD9AE500284BB8 /* TeamModel.swift */ = {isa = PBXFileReference; fileEncoding = 4; lastKnownFileType = sourcecode.swift; path = TeamModel.swift; sourceTree = "<group>"; };
		A846341727C4104E00832C16 /* Sports App.app */ = {isa = PBXFileReference; explicitFileType = wrapper.application; includeInIndex = 0; path = "Sports App.app"; sourceTree = BUILT_PRODUCTS_DIR; };
		A846341A27C4104E00832C16 /* AppDelegate.swift */ = {isa = PBXFileReference; lastKnownFileType = sourcecode.swift; path = AppDelegate.swift; sourceTree = "<group>"; };
		A846341C27C4104E00832C16 /* SceneDelegate.swift */ = {isa = PBXFileReference; lastKnownFileType = sourcecode.swift; path = SceneDelegate.swift; sourceTree = "<group>"; };
		A846342127C4104E00832C16 /* Base */ = {isa = PBXFileReference; lastKnownFileType = file.storyboard; name = Base; path = Base.lproj/Main.storyboard; sourceTree = "<group>"; };
		A846342427C4104E00832C16 /* Sports_App.xcdatamodel */ = {isa = PBXFileReference; lastKnownFileType = wrapper.xcdatamodel; path = Sports_App.xcdatamodel; sourceTree = "<group>"; };
		A846342627C4105000832C16 /* Assets.xcassets */ = {isa = PBXFileReference; lastKnownFileType = folder.assetcatalog; path = Assets.xcassets; sourceTree = "<group>"; };
		A846342927C4105000832C16 /* Base */ = {isa = PBXFileReference; lastKnownFileType = file.storyboard; name = Base; path = Base.lproj/LaunchScreen.storyboard; sourceTree = "<group>"; };
		A846342B27C4105000832C16 /* Info.plist */ = {isa = PBXFileReference; lastKnownFileType = text.plist.xml; path = Info.plist; sourceTree = "<group>"; };
		A846344527C5658400832C16 /* SportsCollectionViewController.swift */ = {isa = PBXFileReference; lastKnownFileType = sourcecode.swift; path = SportsCollectionViewController.swift; sourceTree = "<group>"; };
		A846344B27C5A00600832C16 /* SportsApi.swift */ = {isa = PBXFileReference; fileEncoding = 4; lastKnownFileType = sourcecode.swift; path = SportsApi.swift; sourceTree = "<group>"; };
		A846345127C6B21E00832C16 /* SportsCollectionViewCell.swift */ = {isa = PBXFileReference; lastKnownFileType = sourcecode.swift; path = SportsCollectionViewCell.swift; sourceTree = "<group>"; };
		A846345327C6C81300832C16 /* loading.json */ = {isa = PBXFileReference; fileEncoding = 4; lastKnownFileType = text.json; path = loading.json; sourceTree = "<group>"; };
		A846345727C6E4A600832C16 /* TabViewController.swift */ = {isa = PBXFileReference; lastKnownFileType = sourcecode.swift; path = TabViewController.swift; sourceTree = "<group>"; };
		A846345D27C700FF00832C16 /* LeaguesVc.swift */ = {isa = PBXFileReference; lastKnownFileType = sourcecode.swift; path = LeaguesVc.swift; sourceTree = "<group>"; };
		A8695E5727CE32D500665299 /* TeamsTableCell.swift */ = {isa = PBXFileReference; lastKnownFileType = sourcecode.swift; path = TeamsTableCell.swift; sourceTree = "<group>"; };
		A8695E5827CE32D500665299 /* TeamsTableCell.xib */ = {isa = PBXFileReference; lastKnownFileType = file.xib; path = TeamsTableCell.xib; sourceTree = "<group>"; };
		A8695E5C27CE351A00665299 /* TeamsCollectionCell.swift */ = {isa = PBXFileReference; lastKnownFileType = sourcecode.swift; path = TeamsCollectionCell.swift; sourceTree = "<group>"; };
		A8695E5D27CE351A00665299 /* TeamsCollectionCell.xib */ = {isa = PBXFileReference; lastKnownFileType = file.xib; path = TeamsCollectionCell.xib; sourceTree = "<group>"; };
		A8695E6427CE7EDE00665299 /* TeamDetails.swift */ = {isa = PBXFileReference; lastKnownFileType = sourcecode.swift; path = TeamDetails.swift; sourceTree = "<group>"; };
		A8695E6627CEDABF00665299 /* TeamProtocol.swift */ = {isa = PBXFileReference; lastKnownFileType = sourcecode.swift; path = TeamProtocol.swift; sourceTree = "<group>"; };
		A886368127C7113D0082D56F /* LeagueTableViewCell.swift */ = {isa = PBXFileReference; lastKnownFileType = sourcecode.swift; path = LeagueTableViewCell.swift; sourceTree = "<group>"; };
		A88684D427CC2CD10068EACB /* EventsApi.swift */ = {isa = PBXFileReference; fileEncoding = 4; lastKnownFileType = sourcecode.swift; path = EventsApi.swift; sourceTree = "<group>"; };
		A8F818DF27C7F74C00545DFD /* LeaguesApi.swift */ = {isa = PBXFileReference; fileEncoding = 4; lastKnownFileType = sourcecode.swift; path = LeaguesApi.swift; sourceTree = "<group>"; };
		D9E729D2E04B3BBDFE875DCA /* Pods-Sports App.debug.xcconfig */ = {isa = PBXFileReference; includeInIndex = 1; lastKnownFileType = text.xcconfig; name = "Pods-Sports App.debug.xcconfig"; path = "Target Support Files/Pods-Sports App/Pods-Sports App.debug.xcconfig"; sourceTree = "<group>"; };
/* End PBXFileReference section */

/* Begin PBXFrameworksBuildPhase section */
		A846341427C4104E00832C16 /* Frameworks */ = {
			isa = PBXFrameworksBuildPhase;
			buildActionMask = 2147483647;
			files = (
				3B738298DDAD55C3E8622E65 /* Pods_Sports_App.framework in Frameworks */,
			);
			runOnlyForDeploymentPostprocessing = 0;
		};
/* End PBXFrameworksBuildPhase section */

/* Begin PBXGroup section */
		1BA6EC592C65C0D03D79862E /* Frameworks */ = {
			isa = PBXGroup;
			children = (
				5E0C2E70CA75912F98C553F9 /* Pods_Sports_App.framework */,
			);
			name = Frameworks;
			sourceTree = "<group>";
		};
		A3E413570E1CCF576768D299 /* Pods */ = {
			isa = PBXGroup;
			children = (
				D9E729D2E04B3BBDFE875DCA /* Pods-Sports App.debug.xcconfig */,
				7473F3621B6276427BA2554E /* Pods-Sports App.release.xcconfig */,
			);
			path = Pods;
			sourceTree = "<group>";
		};
		A826077B27CD80E600284BB8 /* UpcomingTableCell */ = {
			isa = PBXGroup;
			children = (
				A826077027CD3FCA00284BB8 /* UpComingTableViewCell.swift */,
				A826077127CD3FCA00284BB8 /* UpComingTableViewCell.xib */,
			);
			path = UpcomingTableCell;
			sourceTree = "<group>";
		};
		A826077C27CD810900284BB8 /* UpcomingCollectionCell */ = {
			isa = PBXGroup;
			children = (
				A826077627CD47C200284BB8 /* UpcomingCollectionCell.swift */,
				A826077727CD47C200284BB8 /* UpcomingCollectionCell.xib */,
			);
			path = UpcomingCollectionCell;
			sourceTree = "<group>";
		};
		A826078127CD816300284BB8 /* LatestTableCell */ = {
			isa = PBXGroup;
			children = (
				A826077D27CD815800284BB8 /* LatestTableCell.swift */,
				A826077E27CD815900284BB8 /* LatestTableCell.xib */,
			);
			path = LatestTableCell;
			sourceTree = "<group>";
		};
		A846340E27C4104E00832C16 = {
			isa = PBXGroup;
			children = (
				A846341927C4104E00832C16 /* Sports App */,
				A846341827C4104E00832C16 /* Products */,
				A3E413570E1CCF576768D299 /* Pods */,
				1BA6EC592C65C0D03D79862E /* Frameworks */,
			);
			sourceTree = "<group>";
		};
		A846341827C4104E00832C16 /* Products */ = {
			isa = PBXGroup;
			children = (
				A846341727C4104E00832C16 /* Sports App.app */,
			);
			name = Products;
			sourceTree = "<group>";
		};
		A846341927C4104E00832C16 /* Sports App */ = {
			isa = PBXGroup;
			children = (
				A846345327C6C81300832C16 /* loading.json */,
				A846343327C4109300832C16 /* CoreData */,
				A846343127C4105B00832C16 /* Models */,
				A846343227C4106700832C16 /* Controllers */,
				A846343827C5341D00832C16 /* views */,
				A846344327C55DCE00832C16 /* Resources */,
				A846344427C55DFC00832C16 /* Core */,
				A846342B27C4105000832C16 /* Info.plist */,
			);
			path = "Sports App";
			sourceTree = "<group>";
		};
		A846343127C4105B00832C16 /* Models */ = {
			isa = PBXGroup;
			children = (
				A846344B27C5A00600832C16 /* SportsApi.swift */,
				A8F818DF27C7F74C00545DFD /* LeaguesApi.swift */,
				A88684D427CC2CD10068EACB /* EventsApi.swift */,
				A826078227CD9AE500284BB8 /* TeamModel.swift */,
				A8695E6627CEDABF00665299 /* TeamProtocol.swift */,
			);
			path = Models;
			sourceTree = "<group>";
		};
		A846343227C4106700832C16 /* Controllers */ = {
			isa = PBXGroup;
			children = (
				A846344527C5658400832C16 /* SportsCollectionViewController.swift */,
				A846345D27C700FF00832C16 /* LeaguesVc.swift */,
				A846345727C6E4A600832C16 /* TabViewController.swift */,
				A826077427CD418B00284BB8 /* Events.swift */,
				A8695E6427CE7EDE00665299 /* TeamDetails.swift */,
			);
			path = Controllers;
			sourceTree = "<group>";
		};
		A846343327C4109300832C16 /* CoreData */ = {
			isa = PBXGroup;
			children = (
				A846342327C4104E00832C16 /* Sports_App.xcdatamodeld */,
			);
			path = CoreData;
			sourceTree = "<group>";
		};
		A846343827C5341D00832C16 /* views */ = {
			isa = PBXGroup;
			children = (
				A846342027C4104E00832C16 /* Main.storyboard */,
				A846342827C4105000832C16 /* LaunchScreen.storyboard */,
				A846343F27C55D6400832C16 /* cells */,
			);
			path = views;
			sourceTree = "<group>";
		};
		A846343F27C55D6400832C16 /* cells */ = {
			isa = PBXGroup;
			children = (
				A846345127C6B21E00832C16 /* SportsCollectionViewCell.swift */,
				A886368127C7113D0082D56F /* LeagueTableViewCell.swift */,
				A826077B27CD80E600284BB8 /* UpcomingTableCell */,
				A826077C27CD810900284BB8 /* UpcomingCollectionCell */,
				A826078127CD816300284BB8 /* LatestTableCell */,
				A8695E5B27CE32E000665299 /* TeamsTableCell */,
				A8695E6027CE352000665299 /* TeamsCell */,
			);
			path = cells;
			sourceTree = "<group>";
		};
		A846344327C55DCE00832C16 /* Resources */ = {
			isa = PBXGroup;
			children = (
				A846342627C4105000832C16 /* Assets.xcassets */,
			);
			path = Resources;
			sourceTree = "<group>";
		};
		A846344427C55DFC00832C16 /* Core */ = {
			isa = PBXGroup;
			children = (
				A846341A27C4104E00832C16 /* AppDelegate.swift */,
				A846341C27C4104E00832C16 /* SceneDelegate.swift */,
			);
			path = Core;
			sourceTree = "<group>";
		};
		A8695E5B27CE32E000665299 /* TeamsTableCell */ = {
			isa = PBXGroup;
			children = (
				A8695E5727CE32D500665299 /* TeamsTableCell.swift */,
				A8695E5827CE32D500665299 /* TeamsTableCell.xib */,
			);
			path = TeamsTableCell;
			sourceTree = "<group>";
		};
		A8695E6027CE352000665299 /* TeamsCell */ = {
			isa = PBXGroup;
			children = (
				A8695E5C27CE351A00665299 /* TeamsCollectionCell.swift */,
				A8695E5D27CE351A00665299 /* TeamsCollectionCell.xib */,
			);
			path = TeamsCell;
			sourceTree = "<group>";
		};
/* End PBXGroup section */

/* Begin PBXNativeTarget section */
		A846341627C4104E00832C16 /* Sports App */ = {
			isa = PBXNativeTarget;
			buildConfigurationList = A846342E27C4105000832C16 /* Build configuration list for PBXNativeTarget "Sports App" */;
			buildPhases = (
				A84A845E0CC04A8C85434033 /* [CP] Check Pods Manifest.lock */,
				A846341327C4104E00832C16 /* Sources */,
				A846341427C4104E00832C16 /* Frameworks */,
				A846341527C4104E00832C16 /* Resources */,
				71AA29B8B78E14E87A082797 /* [CP] Embed Pods Frameworks */,
			);
			buildRules = (
			);
			dependencies = (
			);
			name = "Sports App";
			productName = "Sports App";
			productReference = A846341727C4104E00832C16 /* Sports App.app */;
			productType = "com.apple.product-type.application";
		};
/* End PBXNativeTarget section */

/* Begin PBXProject section */
		A846340F27C4104E00832C16 /* Project object */ = {
			isa = PBXProject;
			attributes = {
				BuildIndependentTargetsInParallel = 1;
				LastSwiftUpdateCheck = 1320;
				LastUpgradeCheck = 1320;
				TargetAttributes = {
					A846341627C4104E00832C16 = {
						CreatedOnToolsVersion = 13.2.1;
					};
				};
			};
			buildConfigurationList = A846341227C4104E00832C16 /* Build configuration list for PBXProject "Sports App" */;
			compatibilityVersion = "Xcode 13.0";
			developmentRegion = en;
			hasScannedForEncodings = 0;
			knownRegions = (
				en,
				Base,
			);
			mainGroup = A846340E27C4104E00832C16;
			productRefGroup = A846341827C4104E00832C16 /* Products */;
			projectDirPath = "";
			projectRoot = "";
			targets = (
				A846341627C4104E00832C16 /* Sports App */,
			);
		};
/* End PBXProject section */

/* Begin PBXResourcesBuildPhase section */
		A846341527C4104E00832C16 /* Resources */ = {
			isa = PBXResourcesBuildPhase;
			buildActionMask = 2147483647;
			files = (
				A8695E6327CE6E6E00665299 /* LatestTableCell.xib in Resources */,
				A8695E6127CE6E6300665299 /* UpComingTableViewCell.xib in Resources */,
				A8695E6227CE6E6300665299 /* UpcomingCollectionCell.xib in Resources */,
				A846342A27C4105000832C16 /* LaunchScreen.storyboard in Resources */,
				A8695E5A27CE32D500665299 /* TeamsTableCell.xib in Resources */,
				A8695E5F27CE351A00665299 /* TeamsCollectionCell.xib in Resources */,
				A846342727C4105000832C16 /* Assets.xcassets in Resources */,
				A846342227C4104E00832C16 /* Main.storyboard in Resources */,
			);
			runOnlyForDeploymentPostprocessing = 0;
		};
/* End PBXResourcesBuildPhase section */

/* Begin PBXShellScriptBuildPhase section */
		71AA29B8B78E14E87A082797 /* [CP] Embed Pods Frameworks */ = {
			isa = PBXShellScriptBuildPhase;
			buildActionMask = 2147483647;
			files = (
			);
			inputFileListPaths = (
				"${PODS_ROOT}/Target Support Files/Pods-Sports App/Pods-Sports App-frameworks-${CONFIGURATION}-input-files.xcfilelist",
			);
			name = "[CP] Embed Pods Frameworks";
			outputFileListPaths = (
				"${PODS_ROOT}/Target Support Files/Pods-Sports App/Pods-Sports App-frameworks-${CONFIGURATION}-output-files.xcfilelist",
			);
			runOnlyForDeploymentPostprocessing = 0;
			shellPath = /bin/sh;
			shellScript = "\"${PODS_ROOT}/Target Support Files/Pods-Sports App/Pods-Sports App-frameworks.sh\"\n";
			showEnvVarsInLog = 0;
		};
		A84A845E0CC04A8C85434033 /* [CP] Check Pods Manifest.lock */ = {
			isa = PBXShellScriptBuildPhase;
			buildActionMask = 2147483647;
			files = (
			);
			inputFileListPaths = (
			);
			inputPaths = (
				"${PODS_PODFILE_DIR_PATH}/Podfile.lock",
				"${PODS_ROOT}/Manifest.lock",
			);
			name = "[CP] Check Pods Manifest.lock";
			outputFileListPaths = (
			);
			outputPaths = (
				"$(DERIVED_FILE_DIR)/Pods-Sports App-checkManifestLockResult.txt",
			);
			runOnlyForDeploymentPostprocessing = 0;
			shellPath = /bin/sh;
			shellScript = "diff \"${PODS_PODFILE_DIR_PATH}/Podfile.lock\" \"${PODS_ROOT}/Manifest.lock\" > /dev/null\nif [ $? != 0 ] ; then\n    # print error to STDERR\n    echo \"error: The sandbox is not in sync with the Podfile.lock. Run 'pod install' or update your CocoaPods installation.\" >&2\n    exit 1\nfi\n# This output is used by Xcode 'outputs' to avoid re-running this script phase.\necho \"SUCCESS\" > \"${SCRIPT_OUTPUT_FILE_0}\"\n";
			showEnvVarsInLog = 0;
		};
/* End PBXShellScriptBuildPhase section */

/* Begin PBXSourcesBuildPhase section */
		A846341327C4104E00832C16 /* Sources */ = {
			isa = PBXSourcesBuildPhase;
			buildActionMask = 2147483647;
			files = (
				A846341B27C4104E00832C16 /* AppDelegate.swift in Sources */,
				A826077227CD3FCA00284BB8 /* UpComingTableViewCell.swift in Sources */,
				A826078327CD9AE500284BB8 /* TeamModel.swift in Sources */,
				A846342527C4104E00832C16 /* Sports_App.xcdatamodeld in Sources */,
				A826077827CD47C200284BB8 /* UpcomingCollectionCell.swift in Sources */,
				A846344627C5658400832C16 /* SportsCollectionViewController.swift in Sources */,
				A846345227C6B21E00832C16 /* SportsCollectionViewCell.swift in Sources */,
				A826077F27CD815900284BB8 /* LatestTableCell.swift in Sources */,
				A8695E5927CE32D500665299 /* TeamsTableCell.swift in Sources */,
				A846345827C6E4A600832C16 /* TabViewController.swift in Sources */,
				A8695E6527CE7EDE00665299 /* TeamDetails.swift in Sources */,
				A8F818E027C7F74C00545DFD /* LeaguesApi.swift in Sources */,
				A826077527CD418B00284BB8 /* Events.swift in Sources */,
				A846344C27C5A00600832C16 /* SportsApi.swift in Sources */,
				A8695E6727CEDABF00665299 /* TeamProtocol.swift in Sources */,
				A846341D27C4104E00832C16 /* SceneDelegate.swift in Sources */,
				A8695E5E27CE351A00665299 /* TeamsCollectionCell.swift in Sources */,
				A886368227C7113D0082D56F /* LeagueTableViewCell.swift in Sources */,
				A846345E27C700FF00832C16 /* LeaguesVc.swift in Sources */,
				A88684D527CC2CD10068EACB /* EventsApi.swift in Sources */,
			);
			runOnlyForDeploymentPostprocessing = 0;
		};
/* End PBXSourcesBuildPhase section */

/* Begin PBXVariantGroup section */
		A846342027C4104E00832C16 /* Main.storyboard */ = {
			isa = PBXVariantGroup;
			children = (
				A846342127C4104E00832C16 /* Base */,
			);
			name = Main.storyboard;
			sourceTree = "<group>";
		};
		A846342827C4105000832C16 /* LaunchScreen.storyboard */ = {
			isa = PBXVariantGroup;
			children = (
				A846342927C4105000832C16 /* Base */,
			);
			name = LaunchScreen.storyboard;
			sourceTree = "<group>";
		};
/* End PBXVariantGroup section */

/* Begin XCBuildConfiguration section */
		A846342C27C4105000832C16 /* Debug */ = {
			isa = XCBuildConfiguration;
			buildSettings = {
				ALWAYS_SEARCH_USER_PATHS = NO;
				CLANG_ANALYZER_NONNULL = YES;
				CLANG_ANALYZER_NUMBER_OBJECT_CONVERSION = YES_AGGRESSIVE;
				CLANG_CXX_LANGUAGE_STANDARD = "gnu++17";
				CLANG_CXX_LIBRARY = "libc++";
				CLANG_ENABLE_MODULES = YES;
				CLANG_ENABLE_OBJC_ARC = YES;
				CLANG_ENABLE_OBJC_WEAK = YES;
				CLANG_WARN_BLOCK_CAPTURE_AUTORELEASING = YES;
				CLANG_WARN_BOOL_CONVERSION = YES;
				CLANG_WARN_COMMA = YES;
				CLANG_WARN_CONSTANT_CONVERSION = YES;
				CLANG_WARN_DEPRECATED_OBJC_IMPLEMENTATIONS = YES;
				CLANG_WARN_DIRECT_OBJC_ISA_USAGE = YES_ERROR;
				CLANG_WARN_DOCUMENTATION_COMMENTS = YES;
				CLANG_WARN_EMPTY_BODY = YES;
				CLANG_WARN_ENUM_CONVERSION = YES;
				CLANG_WARN_INFINITE_RECURSION = YES;
				CLANG_WARN_INT_CONVERSION = YES;
				CLANG_WARN_NON_LITERAL_NULL_CONVERSION = YES;
				CLANG_WARN_OBJC_IMPLICIT_RETAIN_SELF = YES;
				CLANG_WARN_OBJC_LITERAL_CONVERSION = YES;
				CLANG_WARN_OBJC_ROOT_CLASS = YES_ERROR;
				CLANG_WARN_QUOTED_INCLUDE_IN_FRAMEWORK_HEADER = YES;
				CLANG_WARN_RANGE_LOOP_ANALYSIS = YES;
				CLANG_WARN_STRICT_PROTOTYPES = YES;
				CLANG_WARN_SUSPICIOUS_MOVE = YES;
				CLANG_WARN_UNGUARDED_AVAILABILITY = YES_AGGRESSIVE;
				CLANG_WARN_UNREACHABLE_CODE = YES;
				CLANG_WARN__DUPLICATE_METHOD_MATCH = YES;
				COPY_PHASE_STRIP = NO;
				DEBUG_INFORMATION_FORMAT = dwarf;
				ENABLE_STRICT_OBJC_MSGSEND = YES;
				ENABLE_TESTABILITY = YES;
				GCC_C_LANGUAGE_STANDARD = gnu11;
				GCC_DYNAMIC_NO_PIC = NO;
				GCC_NO_COMMON_BLOCKS = YES;
				GCC_OPTIMIZATION_LEVEL = 0;
				GCC_PREPROCESSOR_DEFINITIONS = (
					"DEBUG=1",
					"$(inherited)",
				);
				GCC_WARN_64_TO_32_BIT_CONVERSION = YES;
				GCC_WARN_ABOUT_RETURN_TYPE = YES_ERROR;
				GCC_WARN_UNDECLARED_SELECTOR = YES;
				GCC_WARN_UNINITIALIZED_AUTOS = YES_AGGRESSIVE;
				GCC_WARN_UNUSED_FUNCTION = YES;
				GCC_WARN_UNUSED_VARIABLE = YES;
				IPHONEOS_DEPLOYMENT_TARGET = 15.2;
				MTL_ENABLE_DEBUG_INFO = INCLUDE_SOURCE;
				MTL_FAST_MATH = YES;
				ONLY_ACTIVE_ARCH = YES;
				SDKROOT = iphoneos;
				SWIFT_ACTIVE_COMPILATION_CONDITIONS = DEBUG;
				SWIFT_OPTIMIZATION_LEVEL = "-Onone";
			};
			name = Debug;
		};
		A846342D27C4105000832C16 /* Release */ = {
			isa = XCBuildConfiguration;
			buildSettings = {
				ALWAYS_SEARCH_USER_PATHS = NO;
				CLANG_ANALYZER_NONNULL = YES;
				CLANG_ANALYZER_NUMBER_OBJECT_CONVERSION = YES_AGGRESSIVE;
				CLANG_CXX_LANGUAGE_STANDARD = "gnu++17";
				CLANG_CXX_LIBRARY = "libc++";
				CLANG_ENABLE_MODULES = YES;
				CLANG_ENABLE_OBJC_ARC = YES;
				CLANG_ENABLE_OBJC_WEAK = YES;
				CLANG_WARN_BLOCK_CAPTURE_AUTORELEASING = YES;
				CLANG_WARN_BOOL_CONVERSION = YES;
				CLANG_WARN_COMMA = YES;
				CLANG_WARN_CONSTANT_CONVERSION = YES;
				CLANG_WARN_DEPRECATED_OBJC_IMPLEMENTATIONS = YES;
				CLANG_WARN_DIRECT_OBJC_ISA_USAGE = YES_ERROR;
				CLANG_WARN_DOCUMENTATION_COMMENTS = YES;
				CLANG_WARN_EMPTY_BODY = YES;
				CLANG_WARN_ENUM_CONVERSION = YES;
				CLANG_WARN_INFINITE_RECURSION = YES;
				CLANG_WARN_INT_CONVERSION = YES;
				CLANG_WARN_NON_LITERAL_NULL_CONVERSION = YES;
				CLANG_WARN_OBJC_IMPLICIT_RETAIN_SELF = YES;
				CLANG_WARN_OBJC_LITERAL_CONVERSION = YES;
				CLANG_WARN_OBJC_ROOT_CLASS = YES_ERROR;
				CLANG_WARN_QUOTED_INCLUDE_IN_FRAMEWORK_HEADER = YES;
				CLANG_WARN_RANGE_LOOP_ANALYSIS = YES;
				CLANG_WARN_STRICT_PROTOTYPES = YES;
				CLANG_WARN_SUSPICIOUS_MOVE = YES;
				CLANG_WARN_UNGUARDED_AVAILABILITY = YES_AGGRESSIVE;
				CLANG_WARN_UNREACHABLE_CODE = YES;
				CLANG_WARN__DUPLICATE_METHOD_MATCH = YES;
				COPY_PHASE_STRIP = NO;
				DEBUG_INFORMATION_FORMAT = "dwarf-with-dsym";
				ENABLE_NS_ASSERTIONS = NO;
				ENABLE_STRICT_OBJC_MSGSEND = YES;
				GCC_C_LANGUAGE_STANDARD = gnu11;
				GCC_NO_COMMON_BLOCKS = YES;
				GCC_WARN_64_TO_32_BIT_CONVERSION = YES;
				GCC_WARN_ABOUT_RETURN_TYPE = YES_ERROR;
				GCC_WARN_UNDECLARED_SELECTOR = YES;
				GCC_WARN_UNINITIALIZED_AUTOS = YES_AGGRESSIVE;
				GCC_WARN_UNUSED_FUNCTION = YES;
				GCC_WARN_UNUSED_VARIABLE = YES;
				IPHONEOS_DEPLOYMENT_TARGET = 15.2;
				MTL_ENABLE_DEBUG_INFO = NO;
				MTL_FAST_MATH = YES;
				SDKROOT = iphoneos;
				SWIFT_COMPILATION_MODE = wholemodule;
				SWIFT_OPTIMIZATION_LEVEL = "-O";
				VALIDATE_PRODUCT = YES;
			};
			name = Release;
		};
		A846342F27C4105000832C16 /* Debug */ = {
			isa = XCBuildConfiguration;
			baseConfigurationReference = D9E729D2E04B3BBDFE875DCA /* Pods-Sports App.debug.xcconfig */;
			buildSettings = {
				ASSETCATALOG_COMPILER_APPICON_NAME = AppIcon;
				ASSETCATALOG_COMPILER_GLOBAL_ACCENT_COLOR_NAME = AccentColor;
				CODE_SIGN_STYLE = Automatic;
				CURRENT_PROJECT_VERSION = 1;
				GENERATE_INFOPLIST_FILE = YES;
				INFOPLIST_FILE = "Sports App/Info.plist";
				INFOPLIST_KEY_UIApplicationSupportsIndirectInputEvents = YES;
				INFOPLIST_KEY_UILaunchStoryboardName = LaunchScreen;
				INFOPLIST_KEY_UIMainStoryboardFile = Main;
				INFOPLIST_KEY_UISupportedInterfaceOrientations_iPad = "UIInterfaceOrientationPortrait UIInterfaceOrientationPortraitUpsideDown UIInterfaceOrientationLandscapeLeft UIInterfaceOrientationLandscapeRight";
				INFOPLIST_KEY_UISupportedInterfaceOrientations_iPhone = "UIInterfaceOrientationPortrait UIInterfaceOrientationLandscapeLeft UIInterfaceOrientationLandscapeRight";
				LD_RUNPATH_SEARCH_PATHS = (
					"$(inherited)",
					"@executable_path/Frameworks",
				);
				MARKETING_VERSION = 1.0;
				PRODUCT_BUNDLE_IDENTIFIER = "IslamNourEldin.Sports-App";
				PRODUCT_NAME = "$(TARGET_NAME)";
				SWIFT_EMIT_LOC_STRINGS = YES;
				SWIFT_VERSION = 5.0;
				TARGETED_DEVICE_FAMILY = "1,2";
			};
			name = Debug;
		};
		A846343027C4105000832C16 /* Release */ = {
			isa = XCBuildConfiguration;
			baseConfigurationReference = 7473F3621B6276427BA2554E /* Pods-Sports App.release.xcconfig */;
			buildSettings = {
				ASSETCATALOG_COMPILER_APPICON_NAME = AppIcon;
				ASSETCATALOG_COMPILER_GLOBAL_ACCENT_COLOR_NAME = AccentColor;
				CODE_SIGN_STYLE = Automatic;
				CURRENT_PROJECT_VERSION = 1;
				GENERATE_INFOPLIST_FILE = YES;
				INFOPLIST_FILE = "Sports App/Info.plist";
				INFOPLIST_KEY_UIApplicationSupportsIndirectInputEvents = YES;
				INFOPLIST_KEY_UILaunchStoryboardName = LaunchScreen;
				INFOPLIST_KEY_UIMainStoryboardFile = Main;
				INFOPLIST_KEY_UISupportedInterfaceOrientations_iPad = "UIInterfaceOrientationPortrait UIInterfaceOrientationPortraitUpsideDown UIInterfaceOrientationLandscapeLeft UIInterfaceOrientationLandscapeRight";
				INFOPLIST_KEY_UISupportedInterfaceOrientations_iPhone = "UIInterfaceOrientationPortrait UIInterfaceOrientationLandscapeLeft UIInterfaceOrientationLandscapeRight";
				LD_RUNPATH_SEARCH_PATHS = (
					"$(inherited)",
					"@executable_path/Frameworks",
				);
				MARKETING_VERSION = 1.0;
				PRODUCT_BUNDLE_IDENTIFIER = "IslamNourEldin.Sports-App";
				PRODUCT_NAME = "$(TARGET_NAME)";
				SWIFT_EMIT_LOC_STRINGS = YES;
				SWIFT_VERSION = 5.0;
				TARGETED_DEVICE_FAMILY = "1,2";
			};
			name = Release;
		};
/* End XCBuildConfiguration section */

/* Begin XCConfigurationList section */
		A846341227C4104E00832C16 /* Build configuration list for PBXProject "Sports App" */ = {
			isa = XCConfigurationList;
			buildConfigurations = (
				A846342C27C4105000832C16 /* Debug */,
				A846342D27C4105000832C16 /* Release */,
			);
			defaultConfigurationIsVisible = 0;
			defaultConfigurationName = Release;
		};
		A846342E27C4105000832C16 /* Build configuration list for PBXNativeTarget "Sports App" */ = {
			isa = XCConfigurationList;
			buildConfigurations = (
				A846342F27C4105000832C16 /* Debug */,
				A846343027C4105000832C16 /* Release */,
			);
			defaultConfigurationIsVisible = 0;
			defaultConfigurationName = Release;
		};
/* End XCConfigurationList section */

/* Begin XCVersionGroup section */
		A846342327C4104E00832C16 /* Sports_App.xcdatamodeld */ = {
			isa = XCVersionGroup;
			children = (
				A846342427C4104E00832C16 /* Sports_App.xcdatamodel */,
			);
			currentVersion = A846342427C4104E00832C16 /* Sports_App.xcdatamodel */;
			path = Sports_App.xcdatamodeld;
			sourceTree = "<group>";
			versionGroupType = wrapper.xcdatamodel;
		};
/* End XCVersionGroup section */
	};
	rootObject = A846340F27C4104E00832C16 /* Project object */;
}
